
Microsoft Visual Studio Solution File, Format Version 12.00
# Visual Studio Version 17
VisualStudioVersion = 17.0.32002.185
MinimumVisualStudioVersion = 15.0.26124.0
Project("{9A19103F-16F7-4668-BE54-9A1E7A4F7556}") = "knowledgebuilderapi", "knowledgebuilderapi\knowledgebuilderapi.csproj", "{58A93D49-3F90-4B5B-A17B-0DB94FF6FB49}"
EndProject
Project("{9A19103F-16F7-4668-BE54-9A1E7A4F7556}") = "knowledgebuilderapi.test.unittest", "knowledgebuilderapi.test\knowledgebuilderapi.test.unittest.csproj", "{D39A3003-82A4-4774-98D1-8CF97678D663}"
EndProject
Project("{FAE04EC0-301F-11D3-BF4B-00C04F79EFBC}") = "knowledgebuilderapi.test.integrationtest", "knowledgebuilderapi.integrationtest\knowledgebuilderapi.test.integrationtest.csproj", "{AE324035-CD68-407B-A41B-08A41893BCA6}"
EndProject
Project("{FAE04EC0-301F-11D3-BF4B-00C04F79EFBC}") = "knowledgebuilderapi.test.common", "knowledgebuilderapi.test.common\knowledgebuilderapi.test.common.csproj", "{4C9D4B17-3A8E-4F66-9683-448F9B4F1A79}"
EndProject
Global
	GlobalSection(SolutionConfigurationPlatforms) = preSolution
		Debug|Any CPU = Debug|Any CPU
		Debug|x64 = Debug|x64
		Debug|x86 = Debug|x86
		Release|Any CPU = Release|Any CPU
		Release|x64 = Release|x64
		Release|x86 = Release|x86
	EndGlobalSection
	GlobalSection(ProjectConfigurationPlatforms) = postSolution
		{58A93D49-3F90-4B5B-A17B-0DB94FF6FB49}.Debug|Any CPU.ActiveCfg = Debug|Any CPU
		{58A93D49-3F90-4B5B-A17B-0DB94FF6FB49}.Debug|Any CPU.Build.0 = Debug|Any CPU
		{58A93D49-3F90-4B5B-A17B-0DB94FF6FB49}.Debug|x64.ActiveCfg = Debug|Any CPU
		{58A93D49-3F90-4B5B-A17B-0DB94FF6FB49}.Debug|x64.Build.0 = Debug|Any CPU
		{58A93D49-3F90-4B5B-A17B-0DB94FF6FB49}.Debug|x86.ActiveCfg = Debug|Any CPU
		{58A93D49-3F90-4B5B-A17B-0DB94FF6FB49}.Debug|x86.Build.0 = Debug|Any CPU
		{58A93D49-3F90-4B5B-A17B-0DB94FF6FB49}.Release|Any CPU.ActiveCfg = Release|Any CPU
		{58A93D49-3F90-4B5B-A17B-0DB94FF6FB49}.Release|Any CPU.Build.0 = Release|Any CPU
		{58A93D49-3F90-4B5B-A17B-0DB94FF6FB49}.Release|x64.ActiveCfg = Release|Any CPU
		{58A93D49-3F90-4B5B-A17B-0DB94FF6FB49}.Release|x64.Build.0 = Release|Any CPU
		{58A93D49-3F90-4B5B-A17B-0DB94FF6FB49}.Release|x86.ActiveCfg = Release|Any CPU
		{58A93D49-3F90-4B5B-A17B-0DB94FF6FB49}.Release|x86.Build.0 = Release|Any CPU
		{D39A3003-82A4-4774-98D1-8CF97678D663}.Debug|Any CPU.ActiveCfg = Debug|Any CPU
		{D39A3003-82A4-4774-98D1-8CF97678D663}.Debug|Any CPU.Build.0 = Debug|Any CPU
		{D39A3003-82A4-4774-98D1-8CF97678D663}.Debug|x64.ActiveCfg = Debug|Any CPU
		{D39A3003-82A4-4774-98D1-8CF97678D663}.Debug|x64.Build.0 = Debug|Any CPU
		{D39A3003-82A4-4774-98D1-8CF97678D663}.Debug|x86.ActiveCfg = Debug|Any CPU
		{D39A3003-82A4-4774-98D1-8CF97678D663}.Debug|x86.Build.0 = Debug|Any CPU
		{D39A3003-82A4-4774-98D1-8CF97678D663}.Release|Any CPU.ActiveCfg = Release|Any CPU
		{D39A3003-82A4-4774-98D1-8CF97678D663}.Release|Any CPU.Build.0 = Release|Any CPU
		{D39A3003-82A4-4774-98D1-8CF97678D663}.Release|x64.ActiveCfg = Release|Any CPU
		{D39A3003-82A4-4774-98D1-8CF97678D663}.Release|x64.Build.0 = Release|Any CPU
		{D39A3003-82A4-4774-98D1-8CF97678D663}.Release|x86.ActiveCfg = Release|Any CPU
		{D39A3003-82A4-4774-98D1-8CF97678D663}.Release|x86.Build.0 = Release|Any CPU
		{AE324035-CD68-407B-A41B-08A41893BCA6}.Debug|Any CPU.ActiveCfg = Debug|Any CPU
		{AE324035-CD68-407B-A41B-08A41893BCA6}.Debug|Any CPU.Build.0 = Debug|Any CPU
		{AE324035-CD68-407B-A41B-08A41893BCA6}.Debug|x64.ActiveCfg = Debug|Any CPU
		{AE324035-CD68-407B-A41B-08A41893BCA6}.Debug|x64.Build.0 = Debug|Any CPU
		{AE324035-CD68-407B-A41B-08A41893BCA6}.Debug|x86.ActiveCfg = Debug|Any CPU
		{AE324035-CD68-407B-A41B-08A41893BCA6}.Debug|x86.Build.0 = Debug|Any CPU
		{AE324035-CD68-407B-A41B-08A41893BCA6}.Release|Any CPU.ActiveCfg = Release|Any CPU
		{AE324035-CD68-407B-A41B-08A41893BCA6}.Release|Any CPU.Build.0 = Release|Any CPU
		{AE324035-CD68-407B-A41B-08A41893BCA6}.Release|x64.ActiveCfg = Release|Any CPU
		{AE324035-CD68-407B-A41B-08A41893BCA6}.Release|x64.Build.0 = Release|Any CPU
		{AE324035-CD68-407B-A41B-08A41893BCA6}.Release|x86.ActiveCfg = Release|Any CPU
		{AE324035-CD68-407B-A41B-08A41893BCA6}.Release|x86.Build.0 = Release|Any CPU
		{4C9D4B17-3A8E-4F66-9683-448F9B4F1A79}.Debug|Any CPU.ActiveCfg = Debug|Any CPU
		{4C9D4B17-3A8E-4F66-9683-448F9B4F1A79}.Debug|Any CPU.Build.0 = Debug|Any CPU
		{4C9D4B17-3A8E-4F66-9683-448F9B4F1A79}.Debug|x64.ActiveCfg = Debug|Any CPU
		{4C9D4B17-3A8E-4F66-9683-448F9B4F1A79}.Debug|x64.Build.0 = Debug|Any CPU
		{4C9D4B17-3A8E-4F66-9683-448F9B4F1A79}.Debug|x86.ActiveCfg = Debug|Any CPU
		{4C9D4B17-3A8E-4F66-9683-448F9B4F1A79}.Debug|x86.Build.0 = Debug|Any CPU
		{4C9D4B17-3A8E-4F66-9683-448F9B4F1A79}.Release|Any CPU.ActiveCfg = Release|Any CPU
		{4C9D4B17-3A8E-4F66-9683-448F9B4F1A79}.Release|Any CPU.Build.0 = Release|Any CPU
		{4C9D4B17-3A8E-4F66-9683-448F9B4F1A79}.Release|x64.ActiveCfg = Release|Any CPU
		{4C9D4B17-3A8E-4F66-9683-448F9B4F1A79}.Release|x64.Build.0 = Release|Any CPU
		{4C9D4B17-3A8E-4F66-9683-448F9B4F1A79}.Release|x86.ActiveCfg = Release|Any CPU
		{4C9D4B17-3A8E-4F66-9683-448F9B4F1A79}.Release|x86.Build.0 = Release|Any CPU
	EndGlobalSection
	GlobalSection(SolutionProperties) = preSolution
		HideSolutionNode = FALSE
	EndGlobalSection
	GlobalSection(ExtensibilityGlobals) = postSolution
		SolutionGuid = {6CEC1724-E5D7-48E5-9B91-CA57ADC4ECDC}
	EndGlobalSection
EndGlobal
